
Microsoft Visual Studio Solution File, Format Version 12.00
# Visual Studio Version 16
VisualStudioVersion = 16.0.29326.143
MinimumVisualStudioVersion = 10.0.40219.1
Project("{FAE04EC0-301F-11D3-BF4B-00C04F79EFBC}") = "MoodDetector", "MoodDetector.csproj", "{1E3259BF-3A92-41A4-94C8-B3AD80C398F3}"
EndProject
Global
	GlobalSection(SolutionConfigurationPlatforms) = preSolution
		Debug|Any CPU = Debug|Any CPU
		Release|Any CPU = Release|Any CPU
	EndGlobalSection
	GlobalSection(ProjectConfigurationPlatforms) = postSolution
		{1E3259BF-3A92-41A4-94C8-B3AD80C398F3}.Debug|Any CPU.ActiveCfg = Debug|Any CPU
		{1E3259BF-3A92-41A4-94C8-B3AD80C398F3}.Debug|Any CPU.Build.0 = Debug|Any CPU
		{1E3259BF-3A92-41A4-94C8-B3AD80C398F3}.Release|Any CPU.ActiveCfg = Release|Any CPU
		{1E3259BF-3A92-41A4-94C8-B3AD80C398F3}.Release|Any CPU.Build.0 = Release|Any CPU
	EndGlobalSection
	GlobalSection(SolutionProperties) = preSolution
		HideSolutionNode = FALSE
	EndGlobalSection
	GlobalSection(ExtensibilityGlobals) = postSolution
		SolutionGuid = {26A664D0-A9F5-4772-9906-1E76B34D4E47}
	EndGlobalSection
EndGlobal
